
Microsoft Visual Studio Solution File, Format Version 12.00
# Visual Studio Version 16
VisualStudioVersion = 16.0.30711.63
MinimumVisualStudioVersion = 10.0.40219.1
Project("{9A19103F-16F7-4668-BE54-9A1E7A4F7556}") = "DTDM", "DTDM.csproj", "{ADD28FF7-05CD-49E6-89AE-E4033D87507B}"
EndProject
Project("{9A19103F-16F7-4668-BE54-9A1E7A4F7556}") = "Dockersample", "..\Dockersample\Dockersample.csproj", "{AA86BC36-4F44-4F79-AB76-A332DBE57E14}"
EndProject
Project("{FAE04EC0-301F-11D3-BF4B-00C04F79EFBC}") = "Model", "..\Model\Model.csproj", "{2D4FCB81-029E-4697-9704-D9FA26A85869}"
EndProject
Global
	GlobalSection(SolutionConfigurationPlatforms) = preSolution
		Debug|Any CPU = Debug|Any CPU
		Release|Any CPU = Release|Any CPU
	EndGlobalSection
	GlobalSection(ProjectConfigurationPlatforms) = postSolution
		{ADD28FF7-05CD-49E6-89AE-E4033D87507B}.Debug|Any CPU.ActiveCfg = Debug|Any CPU
		{ADD28FF7-05CD-49E6-89AE-E4033D87507B}.Debug|Any CPU.Build.0 = Debug|Any CPU
		{ADD28FF7-05CD-49E6-89AE-E4033D87507B}.Release|Any CPU.ActiveCfg = Release|Any CPU
		{ADD28FF7-05CD-49E6-89AE-E4033D87507B}.Release|Any CPU.Build.0 = Release|Any CPU
		{AA86BC36-4F44-4F79-AB76-A332DBE57E14}.Debug|Any CPU.ActiveCfg = Debug|Any CPU
		{AA86BC36-4F44-4F79-AB76-A332DBE57E14}.Debug|Any CPU.Build.0 = Debug|Any CPU
		{AA86BC36-4F44-4F79-AB76-A332DBE57E14}.Release|Any CPU.ActiveCfg = Release|Any CPU
		{AA86BC36-4F44-4F79-AB76-A332DBE57E14}.Release|Any CPU.Build.0 = Release|Any CPU
		{2D4FCB81-029E-4697-9704-D9FA26A85869}.Debug|Any CPU.ActiveCfg = Debug|Any CPU
		{2D4FCB81-029E-4697-9704-D9FA26A85869}.Debug|Any CPU.Build.0 = Debug|Any CPU
		{2D4FCB81-029E-4697-9704-D9FA26A85869}.Release|Any CPU.ActiveCfg = Release|Any CPU
		{2D4FCB81-029E-4697-9704-D9FA26A85869}.Release|Any CPU.Build.0 = Release|Any CPU
	EndGlobalSection
	GlobalSection(SolutionProperties) = preSolution
		HideSolutionNode = FALSE
	EndGlobalSection
	GlobalSection(ExtensibilityGlobals) = postSolution
		SolutionGuid = {3F8FE0B8-EF15-4674-838A-BE05E6362215}
	EndGlobalSection
EndGlobal
